
Microsoft Visual Studio Solution File, Format Version 12.00
# Visual Studio 15
VisualStudioVersion = 15.0.28010.2048
MinimumVisualStudioVersion = 10.0.40219.1
Project("{FAE04EC0-301F-11D3-BF4B-00C04F79EFBC}") = "SP2016.Repository", "SP2016.Repository\SP2016.Repository.csproj", "{F657E2D1-49B5-4642-909E-BC14A488C0A2}"
EndProject
Project("{FAE04EC0-301F-11D3-BF4B-00C04F79EFBC}") = "SP2016.Repository.Tests", "SP2016.Repository.Tests\SP2016.Repository.Tests.csproj", "{4BD1550D-ACB0-488B-9C5E-D1D5F7D6DE71}"
EndProject
Global
	GlobalSection(SolutionConfigurationPlatforms) = preSolution
		Debug|Any CPU = Debug|Any CPU
		Release|Any CPU = Release|Any CPU
	EndGlobalSection
	GlobalSection(ProjectConfigurationPlatforms) = postSolution
		{F657E2D1-49B5-4642-909E-BC14A488C0A2}.Debug|Any CPU.ActiveCfg = Debug|Any CPU
		{F657E2D1-49B5-4642-909E-BC14A488C0A2}.Debug|Any CPU.Build.0 = Debug|Any CPU
		{F657E2D1-49B5-4642-909E-BC14A488C0A2}.Release|Any CPU.ActiveCfg = Release|Any CPU
		{F657E2D1-49B5-4642-909E-BC14A488C0A2}.Release|Any CPU.Build.0 = Release|Any CPU
		{4BD1550D-ACB0-488B-9C5E-D1D5F7D6DE71}.Debug|Any CPU.ActiveCfg = Debug|Any CPU
		{4BD1550D-ACB0-488B-9C5E-D1D5F7D6DE71}.Debug|Any CPU.Build.0 = Debug|Any CPU
		{4BD1550D-ACB0-488B-9C5E-D1D5F7D6DE71}.Release|Any CPU.ActiveCfg = Release|Any CPU
		{4BD1550D-ACB0-488B-9C5E-D1D5F7D6DE71}.Release|Any CPU.Build.0 = Release|Any CPU
	EndGlobalSection
	GlobalSection(SolutionProperties) = preSolution
		HideSolutionNode = FALSE
	EndGlobalSection
	GlobalSection(ExtensibilityGlobals) = postSolution
		SolutionGuid = {E44FD620-F9ED-4336-B456-C7EE8CA94523}
	EndGlobalSection
EndGlobal
